
Microsoft Visual Studio Solution File, Format Version 12.00
# Visual Studio Version 17
VisualStudioVersion = 17.0.31919.166
MinimumVisualStudioVersion = 10.0.40219.1
Project("{FAE04EC0-301F-11D3-BF4B-00C04F79EFBC}") = "Api", "Api\Api.csproj", "{36C93F6B-1812-4F40-965C-DECBC9C19BA2}"
EndProject
Project("{FAE04EC0-301F-11D3-BF4B-00C04F79EFBC}") = "BusinesLogic", "BusinesLogic\BusinesLogic.csproj", "{918CE389-7F3E-4355-96B6-BA8BF67D6633}"
EndProject
Global
	GlobalSection(SolutionConfigurationPlatforms) = preSolution
		Debug|Any CPU = Debug|Any CPU
		Release|Any CPU = Release|Any CPU
	EndGlobalSection
	GlobalSection(ProjectConfigurationPlatforms) = postSolution
		{36C93F6B-1812-4F40-965C-DECBC9C19BA2}.Debug|Any CPU.ActiveCfg = Debug|Any CPU
		{36C93F6B-1812-4F40-965C-DECBC9C19BA2}.Debug|Any CPU.Build.0 = Debug|Any CPU
		{36C93F6B-1812-4F40-965C-DECBC9C19BA2}.Release|Any CPU.ActiveCfg = Release|Any CPU
		{36C93F6B-1812-4F40-965C-DECBC9C19BA2}.Release|Any CPU.Build.0 = Release|Any CPU
		{918CE389-7F3E-4355-96B6-BA8BF67D6633}.Debug|Any CPU.ActiveCfg = Debug|Any CPU
		{918CE389-7F3E-4355-96B6-BA8BF67D6633}.Debug|Any CPU.Build.0 = Debug|Any CPU
		{918CE389-7F3E-4355-96B6-BA8BF67D6633}.Release|Any CPU.ActiveCfg = Release|Any CPU
		{918CE389-7F3E-4355-96B6-BA8BF67D6633}.Release|Any CPU.Build.0 = Release|Any CPU
	EndGlobalSection
	GlobalSection(SolutionProperties) = preSolution
		HideSolutionNode = FALSE
	EndGlobalSection
	GlobalSection(ExtensibilityGlobals) = postSolution
		SolutionGuid = {5D601236-DC30-4FA0-8DB3-CF62C9593835}
	EndGlobalSection
EndGlobal
